<Solution>
  <Folder Name="/src/">
    <Project Path="../WeatherApp.Application/WeatherApp.Application.csproj" />
    <Project Path="../WeatherApp.Domain/WeatherApp.Domain.csproj" />
    <Project Path="../WeatherApp.Infrastructure/WeatherApp.Infrastructure.csproj" />
    <Project Path="WeatherApp.Web.csproj" />
  </Folder>
</Solution>
